
Microsoft Visual Studio Solution File, Format Version 12.00
# Visual Studio Version 16
VisualStudioVersion = 25.0.1706.4
MinimumVisualStudioVersion = 10.0.40219.1
Project("{FAE04EC0-301F-11D3-BF4B-00C04F79EFBC}") = "TypesAndVariables", "TypesAndVariables.csproj", "{1827E4CE-BC6D-43AB-9CD9-9E8F04427B8F}"
EndProject
Global
	GlobalSection(SolutionConfigurationPlatforms) = preSolution
		Debug|Any CPU = Debug|Any CPU
		Release|Any CPU = Release|Any CPU
	EndGlobalSection
	GlobalSection(ProjectConfigurationPlatforms) = postSolution
		{1827E4CE-BC6D-43AB-9CD9-9E8F04427B8F}.Debug|Any CPU.ActiveCfg = Debug|Any CPU
		{1827E4CE-BC6D-43AB-9CD9-9E8F04427B8F}.Debug|Any CPU.Build.0 = Debug|Any CPU
		{1827E4CE-BC6D-43AB-9CD9-9E8F04427B8F}.Release|Any CPU.ActiveCfg = Release|Any CPU
		{1827E4CE-BC6D-43AB-9CD9-9E8F04427B8F}.Release|Any CPU.Build.0 = Release|Any CPU
	EndGlobalSection
	GlobalSection(SolutionProperties) = preSolution
		HideSolutionNode = FALSE
	EndGlobalSection
	GlobalSection(ExtensibilityGlobals) = postSolution
		SolutionGuid = {902BAAB4-4C33-4568-953D-ADFACF02FAB2}
	EndGlobalSection
EndGlobal
